{
  "name": "ts",
  "lockfileVersion": 2,
  "requires": true,
  "packages": {
    "": {
      "dependencies": {
        "typescript": "*"
      },
      "devDependencies": {
        "@citizenfx/client": "*",
        "@citizenfx/server": "*",
        "@types/node": "*"
      }
    },
    "node_modules/@citizenfx/client": {
      "version": "2.0.6019-1",
      "resolved": "https://registry.npmjs.org/@citizenfx/client/-/client-2.0.6019-1.tgz",
      "integrity": "sha512-OYGBVBqY9tFkEKKzH/eFbnfuxbaQYJkBjsaPn3RsFhCtd2qeHIRAfCxyMQW/QyTBHptQ2H3Ay3PcvAGphUQ4Iw==",
      "dev": true
    },
    "node_modules/@citizenfx/server": {
      "version": "2.0.6019-1",
      "resolved": "https://registry.npmjs.org/@citizenfx/server/-/server-2.0.6019-1.tgz",
      "integrity": "sha512-pmPgyWd/1m1IdIQ9n85Akwto0Xxk6YCv7pQlv3HSdnujlZuOJMaNALFj+3QNRiCAwA+QIDQR+6pLrAlzP0c/9w==",
      "dev": true
    },
    "node_modules/@types/node": {
      "version": "18.11.9",
      "resolved": "https://registry.npmjs.org/@types/node/-/node-18.11.9.tgz",
      "integrity": "sha512-CRpX21/kGdzjOpFsZSkcrXMGIBWMGNIHXXBVFSH+ggkftxg+XYP20TESbh+zFvFj3EQOl5byk0HTRn1IL6hbqg==",
      "dev": true
    },
    "node_modules/typescript": {
      "version": "4.8.4",
      "resolved": "https://registry.npmjs.org/typescript/-/typescript-4.8.4.tgz",
      "integrity": "sha512-QCh+85mCy+h0IGff8r5XWzOVSbBO+KfeYrMQh7NJ58QujwcE22u+NUSmUxqF+un70P9GXKxa2HCNiTTMJknyjQ==",
      "bin": {
        "tsc": "bin/tsc",
        "tsserver": "bin/tsserver"
      },
      "engines": {
        "node": ">=4.2.0"
      }
    }
  },
  "dependencies": {
    "@citizenfx/client": {
      "version": "2.0.6019-1",
      "resolved": "https://registry.npmjs.org/@citizenfx/client/-/client-2.0.6019-1.tgz",
      "integrity": "sha512-OYGBVBqY9tFkEKKzH/eFbnfuxbaQYJkBjsaPn3RsFhCtd2qeHIRAfCxyMQW/QyTBHptQ2H3Ay3PcvAGphUQ4Iw==",
      "dev": true
    },
    "@citizenfx/server": {
      "version": "2.0.6019-1",
      "resolved": "https://registry.npmjs.org/@citizenfx/server/-/server-2.0.6019-1.tgz",
      "integrity": "sha512-pmPgyWd/1m1IdIQ9n85Akwto0Xxk6YCv7pQlv3HSdnujlZuOJMaNALFj+3QNRiCAwA+QIDQR+6pLrAlzP0c/9w==",
      "dev": true
    },
    "@types/node": {
      "version": "18.11.9",
      "resolved": "https://registry.npmjs.org/@types/node/-/node-18.11.9.tgz",
      "integrity": "sha512-CRpX21/kGdzjOpFsZSkcrXMGIBWMGNIHXXBVFSH+ggkftxg+XYP20TESbh+zFvFj3EQOl5byk0HTRn1IL6hbqg==",
      "dev": true
    },
    "typescript": {
      "version": "4.8.4",
      "resolved": "https://registry.npmjs.org/typescript/-/typescript-4.8.4.tgz",
      "integrity": "sha512-QCh+85mCy+h0IGff8r5XWzOVSbBO+KfeYrMQh7NJ58QujwcE22u+NUSmUxqF+un70P9GXKxa2HCNiTTMJknyjQ=="
    }
  }
}
